{"1.2.0",
[{<<"bcrypt">>,{pkg,<<"bcrypt">>,<<"1.2.2">>},2},
 {<<"bear">>,
  {git,"https://github.com/leo-project/bear.git",
       {ref,"91a7fd49f5b2dad2675c0ff01357a951f93fbf80"}},
  3},
 {<<"cowboy">>,
  {git,"https://github.com/ninenines/cowboy.git",
       {ref,"3ea8395eb8f53a57acb5d3c00b99c70296e7cdbd"}},
  0},
 {<<"cowlib">>,
  {git,"https://github.com/ninenines/cowlib.git",
       {ref,"1eb7f4293a652adcfe43b1835d22c58d8def839f"}},
  0},
 {<<"elarm">>,
  {git,"https://github.com/esl/elarm.git",
       {ref,"5885c906cb7c248f233b90b83f6b910b7b1d293b"}},
  1},
 {<<"eleveldb">>,
  {git,"https://github.com/basho/eleveldb.git",
       {ref,"edfd3924abbb2c5780d2c4641dcc0592a221ac43"}},
  2},
 {<<"erlpass">>,
  {git,"https://github.com/ferd/erlpass.git",
       {ref,"b6f843454106d00b9a067b9ad87b9208ac152abc"}},
  1},
 {<<"erpcgen">>,
  {git,"https://github.com/leo-project/erpcgen.git",
       {ref,"4b9a0e40478f567fa3204aecb03ab33280a5ddaf"}},
  0},
 {<<"folsom">>,
  {git,"https://github.com/leo-project/folsom.git",
       {ref,"27efaf3e3bed50f7b4d15a339280b74319d3dcd3"}},
  2},
 {<<"leo_backend_db">>,
  {git,"https://github.com/leo-project/leo_backend_db.git",
       {ref,"8ab7cd8e90f6f3bc7f33046486e3658fbaf116a1"}},
  1},
 {<<"leo_cache">>,
  {git,"https://github.com/leo-project/leo_cache.git",
       {ref,"cd500d542e5571f845b9d88941b48edb83093aa2"}},
  0},
 {<<"leo_commons">>,
  {git,"https://github.com/leo-project/leo_commons.git",
       {ref,"14e747221e774332c555531ed0a4d5f499919236"}},
  0},
 {<<"leo_dcerl">>,
  {git,"https://github.com/leo-project/leo_dcerl.git",
       {ref,"a762adae1851673141e3bddca398c84c632b72ca"}},
  1},
 {<<"leo_mcerl">>,
  {git,"https://github.com/leo-project/leo_mcerl.git",
       {ref,"20c08458378152cf79383a51c570d1a9e21f2965"}},
  1},
 {<<"leo_mq">>,
  {git,"https://github.com/leo-project/leo_mq.git",
       {ref,"a65615302f68ee525fb0889f1bf45701c21e2e15"}},
  1},
 {<<"leo_object_storage">>,
  {git,"https://github.com/leo-project/leo_object_storage.git",
       {ref,"f65ac5073f075232e40c6a3148e1773d5ac6cfbb"}},
  0},
 {<<"leo_pod">>,
  {git,"https://github.com/leo-project/leo_pod.git",
       {ref,"b107ddf4d0fbd3ad768bd73ff4dd113939698848"}},
  0},
 {<<"leo_redundant_manager">>,
  {git,"https://github.com/leo-project/leo_redundant_manager.git",
       {ref,"419186ff89533a865ad6630a790bb7683c6ef68a"}},
  0},
 {<<"leo_rpc">>,
  {git,"https://github.com/leo-project/leo_rpc.git",
       {ref,"08ea60b2fb26cc0e82eb4f3b79797590725b0913"}},
  1},
 {<<"leo_s3_libs">>,
  {git,"https://github.com/leo-project/leo_s3_libs.git",
       {ref,"f1da71475312ce4fbad6e667cd8f840c03e9eacc"}},
  0},
 {<<"leo_statistics">>,
  {git,"https://github.com/leo-project/leo_statistics.git",
       {ref,"52518da4689453b9ed3a52c33a08907919795aec"}},
  0},
 {<<"leo_tran">>,
  {git,"https://github.com/leo-project/leo_tran.git",
       {ref,"931ad8921837da7fdee15f7398cfd160367287c5"}},
  1},
 {<<"leo_watchdog">>,
  {git,"https://github.com/leo-project/leo_watchdog.git",
       {ref,"914eaa658448f4ed9d22a16f4ebabd7c01329c22"}},
  0},
 {<<"meck">>,
  {git,"https://github.com/eproxus/meck.git",
       {ref,"d573888d1150780fabaad357870e4792ee83dc51"}},
  1},
 {<<"nfs_rpc_server">>,
  {git,"https://github.com/leo-project/nfs_rpc_server.git",
       {ref,"b407be8e5564cd6bdf1991eef4a344723b4da318"}},
  0},
 {<<"poolboy">>,{pkg,<<"poolboy">>,<<"1.5.2">>},3},
 {<<"proper">>,
  {git,"https://github.com/proper-testing/proper.git",
       {ref,"5640d0715d4b346676267504d8e84398e2a29f75"}},
  2},
 {<<"ranch">>,
  {git,"https://github.com/ninenines/ranch",
       {ref,"a692f44567034dacf5efcaa24a24183788594eb7"}},
  1},
 {<<"recon">>,
  {git,"https://github.com/ferd/recon.git",
       {ref,"c2a76855be3a226a3148c0dfc21ce000b6186ef8"}},
  1},
 {<<"savanna_commons">>,
  {git,"https://github.com/leo-project/savanna_commons.git",
       {ref,"699f6bcfa4d4edde17b0be973695af7a6478fd19"}},
  1},
 {<<"sd_notify">>,
  {git,"https://github.com/systemd/erlang-sd_notify.git",
       {ref,"44dae67291d51b9aa3147722e83a7e6cb089a7ca"}},
  0}]}.
[
{pkg_hash,[
 {<<"bcrypt">>, <<"99904DD4A0DF4E8454293E630F2C895A599A616304838468540402FECECD11ED">>},
 {<<"poolboy">>, <<"392B007A1693A64540CEAD79830443ABF5762F5D30CF50BC95CB2C1AAAFA006B">>}]},
{pkg_hash_ext,[
 {<<"bcrypt">>, <<"6428D68BB2608490E150BE406A7AB75B5BCE4A2B5A3B0C3F36A12E367A141561">>},
 {<<"poolboy">>, <<"DAD79704CE5440F3D5A3681C8590B9DC25D1A561E8F5A9C995281012860901E3">>}]}
].
