{"1.1.0",
[{<<"bear">>,
  {git,"git://github.com/leo-project/bear.git",
       {ref,"7344c934ebcf92bca5ee841d3f1c438baa52f28b"}},
  3},
 {<<"bitcask">>,
  {git,"https://github.com/basho/bitcask.git",
       {ref,"67acd3846fe351e008d66be31b853a8f1e148754"}},
  2},
 {<<"cowboy">>,
  {git,"https://github.com/leo-project/cowboy.git",
       {ref,"5b9d6bd836898f31611c4a644d8fcf574c8c13ce"}},
  0},
 {<<"cowlib">>,
  {git,"https://github.com/ninenines/cowlib.git",
       {ref,"d544a494af4dbc810fc9c15eaf5cc050cced1501"}},
  0},
 {<<"cuttlefish">>,
  {git,"https://github.com/basho/cuttlefish.git",
       {ref,"01be3bc6e1657ca06e4125efda6a4b29f4e68889"}},
  3},
 {<<"elarm">>,
  {git,"https://github.com/leo-project/elarm.git",
       {ref,"d9e8a6f35c408c0c4dea8a15ddcf61f54cb8a826"}},
  1},
 {<<"eleveldb">>,
  {git,"https://github.com/basho/eleveldb.git",
       {ref,"d7f51bd3b17d027d053bf8f46c14949d17c85e38"}},
  2},
 {<<"erpcgen">>,
  {git,"https://github.com/leo-project/erpcgen.git",
       {ref,"e93aa9fb2fbdaac21514d2ffa845f15225448502"}},
  0},
 {<<"fifo_utils">>,
  {git,"https://github.com/leo-project/fifo_utils.git",
       {ref,"d19b92c861fba9b06f863700a81d5b927c6eaac2"}},
  0},
 {<<"folsom">>,
  {git,"https://github.com/leo-project/folsom.git",
       {ref,"26a935b2c4bb09bb86d760bb8c286b13aff947f6"}},
  2},
 {<<"getopt">>,
  {git,"https://github.com/basho/getopt.git",
       {ref,"388dc95caa7fb97ec7db8cfc39246a36aba61bd8"}},
  4},
 {<<"goldrush">>,{pkg,<<"goldrush">>,<<"0.1.9">>},2},
 {<<"jiffy">>,
  {git,"https://github.com/davisp/jiffy.git",
       {ref,"1febce3ca86c5ca5d5a3618ed3d5f125bb99e4c5"}},
  0},
 {<<"lager">>,{pkg,<<"lager">>,<<"2.1.1">>},1},
 {<<"leo_backend_db">>,
  {git,"https://github.com/leo-project/leo_backend_db.git",
       {ref,"4337bd8ee08d5a25db26d92152c71e5b5c7f9fac"}},
  1},
 {<<"leo_cache">>,
  {git,"https://github.com/leo-project/leo_cache.git",
       {ref,"a314d40b08808e32de8c8029f22c3e1ad1688e20"}},
  0},
 {<<"leo_commons">>,
  {git,"https://github.com/leo-project/leo_commons.git",
       {ref,"7c57b65e1c382c63301e1a768f630ac30de45a95"}},
  0},
 {<<"leo_dcerl">>,
  {git,"https://github.com/leo-project/leo_dcerl.git",
       {ref,"eab13e619990a485db4b9c31f4f9aa45ab19abbe"}},
  1},
 {<<"leo_logger">>,
  {git,"https://github.com/leo-project/leo_logger.git",
       {ref,"9ec6e4ba67b426323fb75264b2e5d48838107417"}},
  0},
 {<<"leo_mcerl">>,
  {git,"https://github.com/leo-project/leo_mcerl.git",
       {ref,"0cb9e8abfa33e4deee291f9a2ca85ae05d88fcf5"}},
  1},
 {<<"leo_mq">>,
  {git,"https://github.com/leo-project/leo_mq.git",
       {ref,"2514bcbb1eddf3d16b1d7219b5187b6738c27df7"}},
  0},
 {<<"leo_object_storage">>,
  {git,"https://github.com/leo-project/leo_object_storage.git",
       {ref,"dc188061ab6cd738992efa74043a97a5b3d5a5aa"}},
  0},
 {<<"leo_ordning_reda">>,
  {git,"https://github.com/leo-project/leo_ordning_reda.git",
       {ref,"51f78cebffac0fa32145f4e70a0a37eac35682bf"}},
  0},
 {<<"leo_pod">>,
  {git,"https://github.com/leo-project/leo_pod.git",
       {ref,"986422bd583bc10e4863e9d0511890f16a0a1318"}},
  0},
 {<<"leo_redundant_manager">>,
  {git,"https://github.com/leo-project/leo_redundant_manager.git",
       {ref,"d42d7aa699bcba958fb0553e3a0a0023af08b926"}},
  0},
 {<<"leo_rpc">>,
  {git,"https://github.com/leo-project/leo_rpc.git",
       {ref,"773233f5f334557c6fff0416a8097b43d64f54f5"}},
  0},
 {<<"leo_s3_libs">>,
  {git,"https://github.com/leo-project/leo_s3_libs.git",
       {ref,"31d1b41b6efaf2a77017af9ba2675a084ab2e6fb"}},
  0},
 {<<"leo_statistics">>,
  {git,"https://github.com/leo-project/leo_statistics.git",
       {ref,"6651df31d19a55c9dcef3f6efbabfec171998daa"}},
  0},
 {<<"leo_tran">>,
  {git,"https://github.com/leo-project/leo_tran.git",
       {ref,"04555bc5ecf2e19668e3a1cd69b79d1c30643e73"}},
  1},
 {<<"leo_watchdog">>,
  {git,"https://github.com/leo-project/leo_watchdog.git",
       {ref,"01e2151ee9e38a04ebe89456b7de80df00c7bfba"}},
  0},
 {<<"meck">>,
  {git,"https://github.com/eproxus/meck.git",
       {ref,"dde759050eff19a1a80fd854d7375174b191665d"}},
  0},
 {<<"neotoma">>,
  {git,"https://github.com/basho/neotoma.git",
       {ref,"6ac6007c7713712a80096de5c7cdf5b85b01374e"}},
  4},
 {<<"nfs_rpc_server">>,
  {git,"https://github.com/leo-project/nfs_rpc_server.git",
       {ref,"eb44b13e33507f546f3b9083f82b5fe7acd08c35"}},
  0},
 {<<"proper">>,
  {git,"https://github.com/manopapad/proper.git",
       {ref,"f5589897de7d87fedf71e8a8298cdfdebb665832"}},
  1},
 {<<"quickrand">>,{pkg,<<"quickrand">>,<<"1.5.4">>},2},
 {<<"ranch">>,
  {git,"git://github.com/ninenines/ranch.git",
       {ref,"adf1822defc2b7cfdc7aca112adabfa1d614043c"}},
  1},
 {<<"recon">>,
  {git,"https://github.com/ferd/recon.git",
       {ref,"0cb7c858c2ddc5e8b6e47136d3534a2408eb458e"}},
  1},
 {<<"savanna_agent">>,
  {git,"https://github.com/leo-project/savanna_agent.git",
       {ref,"85aaf0001a0f25392cd39a3d110da4f63b9eeed5"}},
  0},
 {<<"savanna_commons">>,
  {git,"https://github.com/leo-project/savanna_commons.git",
       {ref,"347eaf96278c5169c050365b27f1c40d34176b79"}},
  1},
 {<<"uuid">>,{pkg,<<"uuid_erl">>,<<"1.5.1">>},1}]}.
[
{pkg_hash,[
 {<<"goldrush">>, <<"F06E5D5F1277DA5C413E84D5A2924174182FB108DABB39D5EC548B27424CD106">>},
 {<<"lager">>, <<"8E389F916384ABF5F62169969BD7515C4C252CBBDA53FEEBBEF90F47DB5EAAD1">>},
 {<<"quickrand">>, <<"47ADD4755CC5F209CBEFFD6F47C84061196CD7FAD99FD8FD12418EB0D06B939D">>},
 {<<"uuid">>, <<"476F1EEA44DFECB8609D37E18C97D71042E1C8080F078504842349140A1FBE09">>}]}
].
