{"1.2.0",
[{<<"bcrypt">>,{pkg,<<"bcrypt">>,<<"1.2.2">>},2},
 {<<"cowboy">>,
  {git,"https://github.com/ninenines/cowboy.git",
       {ref,"495e74ada88d0876d7e438d53f11af767a9cdcc4"}},
  0},
 {<<"cowlib">>,
  {git,"https://github.com/ninenines/cowlib.git",
       {ref,"d0ab49ed797e5bb48209825428d26947d74aabd5"}},
  0},
 {<<"elarm">>,
  {git,"https://github.com/esl/elarm.git",
       {ref,"5885c906cb7c248f233b90b83f6b910b7b1d293b"}},
  1},
 {<<"eleveldb">>,
  {git,"https://github.com/basho/eleveldb.git",
       {ref,"edfd3924abbb2c5780d2c4641dcc0592a221ac43"}},
  2},
 {<<"erlpass">>,
  {git,"https://github.com/ferd/erlpass.git",
       {ref,"b6f843454106d00b9a067b9ad87b9208ac152abc"}},
  1},
 {<<"erpcgen">>,
  {git,"https://github.com/leo-project/erpcgen.git",
       {ref,"4b9a0e40478f567fa3204aecb03ab33280a5ddaf"}},
  0},
 {<<"jiffy">>,
  {git,"https://github.com/davisp/jiffy.git",
       {ref,"50daa80a62a97ffb6dd46ea9cb8ccb4930cbf1ae"}},
  0},
 {<<"leo_backend_db">>,
  {git,"https://github.com/leo-project/leo_backend_db.git",
       {ref,"8ab7cd8e90f6f3bc7f33046486e3658fbaf116a1"}},
  1},
 {<<"leo_cache">>,
  {git,"https://github.com/leo-project/leo_cache.git",
       {ref,"cd500d542e5571f845b9d88941b48edb83093aa2"}},
  0},
 {<<"leo_commons">>,
  {git,"https://github.com/leo-project/leo_commons.git",
       {ref,"14e747221e774332c555531ed0a4d5f499919236"}},
  0},
 {<<"leo_dcerl">>,
  {git,"https://github.com/leo-project/leo_dcerl.git",
       {ref,"a762adae1851673141e3bddca398c84c632b72ca"}},
  1},
 {<<"leo_mcerl">>,
  {git,"https://github.com/leo-project/leo_mcerl.git",
       {ref,"20c08458378152cf79383a51c570d1a9e21f2965"}},
  1},
 {<<"leo_mq">>,
  {git,"https://github.com/leo-project/leo_mq.git",
       {ref,"a65615302f68ee525fb0889f1bf45701c21e2e15"}},
  0},
 {<<"leo_object_storage">>,
  {git,"https://github.com/leo-project/leo_object_storage.git",
       {ref,"f65ac5073f075232e40c6a3148e1773d5ac6cfbb"}},
  0},
 {<<"leo_ordning_reda">>,
  {git,"https://github.com/leo-project/leo_ordning_reda.git",
       {ref,"cb0dbc47bc4c3e54cc2af85874486c0ae74d69cc"}},
  0},
 {<<"leo_pod">>,
  {git,"https://github.com/leo-project/leo_pod.git",
       {ref,"b107ddf4d0fbd3ad768bd73ff4dd113939698848"}},
  0},
 {<<"leo_redundant_manager">>,
  {git,"https://github.com/leo-project/leo_redundant_manager.git",
       {ref,"419186ff89533a865ad6630a790bb7683c6ef68a"}},
  0},
 {<<"leo_rpc">>,
  {git,"https://github.com/leo-project/leo_rpc.git",
       {ref,"08ea60b2fb26cc0e82eb4f3b79797590725b0913"}},
  1},
 {<<"leo_s3_libs">>,
  {git,"https://github.com/leo-project/leo_s3_libs.git",
       {ref,"045a09f8e65562e3eb96dc14127a89479c99e54e"}},
  0},
 {<<"leo_tran">>,
  {git,"https://github.com/leo-project/leo_tran.git",
       {ref,"931ad8921837da7fdee15f7398cfd160367287c5"}},
  1},
 {<<"leo_watchdog">>,
  {git,"https://github.com/leo-project/leo_watchdog.git",
       {ref,"914eaa658448f4ed9d22a16f4ebabd7c01329c22"}},
  0},
 {<<"meck">>,
  {git,"https://github.com/eproxus/meck.git",
       {ref,"d573888d1150780fabaad357870e4792ee83dc51"}},
  1},
 {<<"nfs_rpc_server">>,
  {git,"https://github.com/leo-project/nfs_rpc_server.git",
       {ref,"b407be8e5564cd6bdf1991eef4a344723b4da318"}},
  0},
 {<<"poolboy">>,{pkg,<<"poolboy">>,<<"1.5.2">>},3},
 {<<"proper">>,
  {git,"https://github.com/proper-testing/proper.git",
       {ref,"5640d0715d4b346676267504d8e84398e2a29f75"}},
  1},
 {<<"ranch">>,
  {git,"https://github.com/ninenines/ranch",
       {ref,"10b51304b26062e0dbfd5e74824324e9a911e269"}},
  1}]}.
[
{pkg_hash,[
 {<<"bcrypt">>, <<"99904DD4A0DF4E8454293E630F2C895A599A616304838468540402FECECD11ED">>},
 {<<"poolboy">>, <<"392B007A1693A64540CEAD79830443ABF5762F5D30CF50BC95CB2C1AAAFA006B">>}]},
{pkg_hash_ext,[
 {<<"bcrypt">>, <<"6428D68BB2608490E150BE406A7AB75B5BCE4A2B5A3B0C3F36A12E367A141561">>},
 {<<"poolboy">>, <<"DAD79704CE5440F3D5A3681C8590B9DC25D1A561E8F5A9C995281012860901E3">>}]}
].
